<?xml version="1.0" encoding="utf-8"?>
<Project ToolsVersion="4.0" xmlns="http://schemas.microsoft.com/developer/msbuild/2003">
  <ItemGroup>
    <Filter Include="源文件">
      <UniqueIdentifier>{4FC737F1-C7A5-4376-A066-2A32D752A2FF}</UniqueIdentifier>
      <Extensions>cpp;c;cc;cxx;c++;cppm;ixx;def;odl;idl;hpj;bat;asm;asmx</Extensions>
    </Filter>
    <Filter Include="头文件">
      <UniqueIdentifier>{93995380-89BD-4b04-88EB-625FBE52EBFB}</UniqueIdentifier>
      <Extensions>h;hh;hpp;hxx;h++;hm;inl;inc;ipp;xsd</Extensions>
    </Filter>
    <Filter Include="资源文件">
      <UniqueIdentifier>{67DA6AB6-F800-4c08-8B7A-83BB121AAD01}</UniqueIdentifier>
      <Extensions>rc;ico;cur;bmp;dlg;rc2;rct;bin;rgs;gif;jpg;jpeg;jpe;resx;tiff;tif;png;wav;mfcribbon-ms</Extensions>
    </Filter>
    <Filter Include="HyperCall">
      <UniqueIdentifier>{4189fcc4-1ee8-4a6d-a2fe-94f8ebf74a0b}</UniqueIdentifier>
    </Filter>
    <Filter Include="头文件\Rw">
      <UniqueIdentifier>{32a77d2e-4b13-4677-a302-8fb1f88955e2}</UniqueIdentifier>
    </Filter>
    <Filter Include="源文件\Rw">
      <UniqueIdentifier>{4af598cd-7d86-413f-ad20-3bfe069effb5}</UniqueIdentifier>
    </Filter>
  </ItemGroup>
  <ItemGroup>
    <ClCompile Include="Hyper_rw.cpp">
      <Filter>源文件</Filter>
    </ClCompile>
    <ClCompile Include="HyperCall\call.cpp">
      <Filter>HyperCall</Filter>
    </ClCompile>
    <ClCompile Include="GetM.cpp">
      <Filter>源文件\Rw</Filter>
    </ClCompile>
  </ItemGroup>
  <ItemGroup>
    <ClInclude Include="HyperCall\call.h">
      <Filter>HyperCall</Filter>
    </ClInclude>
    <ClInclude Include="HyperCall\hypercall_def.h">
      <Filter>HyperCall</Filter>
    </ClInclude>
    <ClInclude Include="HyperCall\memory_operation.h">
      <Filter>HyperCall</Filter>
    </ClInclude>
    <ClInclude Include="HyperCall\trap_frame.h">
      <Filter>HyperCall</Filter>
    </ClInclude>
    <ClInclude Include="rw.h">
      <Filter>头文件\Rw</Filter>
    </ClInclude>
    <ClInclude Include="GetM.h">
      <Filter>头文件\Rw</Filter>
    </ClInclude>
    <ClInclude Include="test.h">
      <Filter>头文件\Rw</Filter>
    </ClInclude>
  </ItemGroup>
  <ItemGroup>
    <MASM Include="vmexit.asm">
      <Filter>源文件</Filter>
    </MASM>
  </ItemGroup>
  <ItemGroup>
    <None Include="..\README.md">
      <Filter>资源文件</Filter>
    </None>
    <None Include="..\README.zh.md">
      <Filter>资源文件</Filter>
    </None>
  </ItemGroup>
</Project>